
Microsoft Visual Studio Solution File, Format Version 12.00
# Visual Studio 15
VisualStudioVersion = 15.0.27703.2047
MinimumVisualStudioVersion = 10.0.40219.1
Project("{FAE04EC0-301F-11D3-BF4B-00C04F79EFBC}") = "FormKevin", "FormKevin\FormKevin.csproj", "{50A2DD7E-257C-4CB5-9B13-411B5152615E}"
EndProject
Project("{FAE04EC0-301F-11D3-BF4B-00C04F79EFBC}") = "Entidades", "Entidades\Entidades.csproj", "{6FEE0A1E-73C5-4D7F-96EB-9DE5D1F05838}"
EndProject
Project("{FAE04EC0-301F-11D3-BF4B-00C04F79EFBC}") = "TestEntidades", "TestEntidades\TestEntidades.csproj", "{D66A3DDB-D5CD-43E1-A57D-BC6A80AA6FD3}"
EndProject
Global
	GlobalSection(SolutionConfigurationPlatforms) = preSolution
		Debug|Any CPU = Debug|Any CPU
		Release|Any CPU = Release|Any CPU
	EndGlobalSection
	GlobalSection(ProjectConfigurationPlatforms) = postSolution
		{50A2DD7E-257C-4CB5-9B13-411B5152615E}.Debug|Any CPU.ActiveCfg = Debug|Any CPU
		{50A2DD7E-257C-4CB5-9B13-411B5152615E}.Debug|Any CPU.Build.0 = Debug|Any CPU
		{50A2DD7E-257C-4CB5-9B13-411B5152615E}.Release|Any CPU.ActiveCfg = Release|Any CPU
		{50A2DD7E-257C-4CB5-9B13-411B5152615E}.Release|Any CPU.Build.0 = Release|Any CPU
		{6FEE0A1E-73C5-4D7F-96EB-9DE5D1F05838}.Debug|Any CPU.ActiveCfg = Debug|Any CPU
		{6FEE0A1E-73C5-4D7F-96EB-9DE5D1F05838}.Debug|Any CPU.Build.0 = Debug|Any CPU
		{6FEE0A1E-73C5-4D7F-96EB-9DE5D1F05838}.Release|Any CPU.ActiveCfg = Release|Any CPU
		{6FEE0A1E-73C5-4D7F-96EB-9DE5D1F05838}.Release|Any CPU.Build.0 = Release|Any CPU
		{D66A3DDB-D5CD-43E1-A57D-BC6A80AA6FD3}.Debug|Any CPU.ActiveCfg = Debug|Any CPU
		{D66A3DDB-D5CD-43E1-A57D-BC6A80AA6FD3}.Debug|Any CPU.Build.0 = Debug|Any CPU
		{D66A3DDB-D5CD-43E1-A57D-BC6A80AA6FD3}.Release|Any CPU.ActiveCfg = Release|Any CPU
		{D66A3DDB-D5CD-43E1-A57D-BC6A80AA6FD3}.Release|Any CPU.Build.0 = Release|Any CPU
	EndGlobalSection
	GlobalSection(SolutionProperties) = preSolution
		HideSolutionNode = FALSE
	EndGlobalSection
	GlobalSection(ExtensibilityGlobals) = postSolution
		SolutionGuid = {61FF9879-BD95-49C6-B4E4-D55495890942}
	EndGlobalSection
EndGlobal
